// !$*UTF8*$!
{
	archiveVersion = 1;
	classes = {
	};
	objectVersion = 46;
	objects = {

/* Begin PBXBuildFile section */
		716BEC831B42D415004E4619 /* main.m in Sources */ = {isa = PBXBuildFile; fileRef = 716BEC821B42D415004E4619 /* main.m */; };
		716BEC861B42D415004E4619 /* AppDelegate.m in Sources */ = {isa = PBXBuildFile; fileRef = 716BEC851B42D415004E4619 /* AppDelegate.m */; };
		716BEC891B42D415004E4619 /* ViewController.m in Sources */ = {isa = PBXBuildFile; fileRef = 716BEC881B42D415004E4619 /* ViewController.m */; };
		716BEC8C1B42D415004E4619 /* Main.storyboard in Resources */ = {isa = PBXBuildFile; fileRef = 716BEC8A1B42D415004E4619 /* Main.storyboard */; };
		716BEC8E1B42D415004E4619 /* Images.xcassets in Resources */ = {isa = PBXBuildFile; fileRef = 716BEC8D1B42D415004E4619 /* Images.xcassets */; };
		716BEC911B42D415004E4619 /* LaunchScreen.xib in Resources */ = {isa = PBXBuildFile; fileRef = 716BEC8F1B42D415004E4619 /* LaunchScreen.xib */; };
		716BEC9D1B42D415004E4619 /* ____Tests.m in Sources */ = {isa = PBXBuildFile; fileRef = 716BEC9C1B42D415004E4619 /* ____Tests.m */; };
/* End PBXBuildFile section */

/* Begin PBXContainerItemProxy section */
		716BEC971B42D415004E4619 /* PBXContainerItemProxy */ = {
			isa = PBXContainerItemProxy;
			containerPortal = 716BEC751B42D415004E4619 /* Project object */;
			proxyType = 1;
			remoteGlobalIDString = 716BEC7C1B42D415004E4619;
			remoteInfo = "图片轮播";
		};
/* End PBXContainerItemProxy section */

/* Begin PBXFileReference section */
		716BEC7D1B42D415004E4619 /* 图片轮播.app */ = {isa = PBXFileReference; explicitFileType = wrapper.application; includeInIndex = 0; path = "图片轮播.app"; sourceTree = BUILT_PRODUCTS_DIR; };
		716BEC811B42D415004E4619 /* Info.plist */ = {isa = PBXFileReference; lastKnownFileType = text.plist.xml; path = Info.plist; sourceTree = "<group>"; };
		716BEC821B42D415004E4619 /* main.m */ = {isa = PBXFileReference; lastKnownFileType = sourcecode.c.objc; path = main.m; sourceTree = "<group>"; };
		716BEC841B42D415004E4619 /* AppDelegate.h */ = {isa = PBXFileReference; lastKnownFileType = sourcecode.c.h; path = AppDelegate.h; sourceTree = "<group>"; };
		716BEC851B42D415004E4619 /* AppDelegate.m */ = {isa = PBXFileReference; lastKnownFileType = sourcecode.c.objc; path = AppDelegate.m; sourceTree = "<group>"; };
		716BEC871B42D415004E4619 /* ViewController.h */ = {isa = PBXFileReference; lastKnownFileType = sourcecode.c.h; path = ViewController.h; sourceTree = "<group>"; };
		716BEC881B42D415004E4619 /* ViewController.m */ = {isa = PBXFileReference; lastKnownFileType = sourcecode.c.objc; path = ViewController.m; sourceTree = "<group>"; };
		716BEC8B1B42D415004E4619 /* Base */ = {isa = PBXFileReference; lastKnownFileType = file.storyboard; name = Base; path = Base.lproj/Main.storyboard; sourceTree = "<group>"; };
		716BEC8D1B42D415004E4619 /* Images.xcassets */ = {isa = PBXFileReference; lastKnownFileType = folder.assetcatalog; path = Images.xcassets; sourceTree = "<group>"; };
		716BEC901B42D415004E4619 /* Base */ = {isa = PBXFileReference; lastKnownFileType = file.xib; name = Base; path = Base.lproj/LaunchScreen.xib; sourceTree = "<group>"; };
		716BEC961B42D415004E4619 /* 图片轮播Tests.xctest */ = {isa = PBXFileReference; explicitFileType = wrapper.cfbundle; includeInIndex = 0; path = "图片轮播Tests.xctest"; sourceTree = BUILT_PRODUCTS_DIR; };
		716BEC9B1B42D415004E4619 /* Info.plist */ = {isa = PBXFileReference; lastKnownFileType = text.plist.xml; path = Info.plist; sourceTree = "<group>"; };
		716BEC9C1B42D415004E4619 /* ____Tests.m */ = {isa = PBXFileReference; lastKnownFileType = sourcecode.c.objc; path = "____Tests.m"; sourceTree = "<group>"; };
/* End PBXFileReference section */

/* Begin PBXFrameworksBuildPhase section */
		716BEC7A1B42D415004E4619 /* Frameworks */ = {
			isa = PBXFrameworksBuildPhase;
			buildActionMask = 2147483647;
			files = (
			);
			runOnlyForDeploymentPostprocessing = 0;
		};
		716BEC931B42D415004E4619 /* Frameworks */ = {
			isa = PBXFrameworksBuildPhase;
			buildActionMask = 2147483647;
			files = (
			);
			runOnlyForDeploymentPostprocessing = 0;
		};
/* End PBXFrameworksBuildPhase section */

/* Begin PBXGroup section */
		716BEC741B42D415004E4619 = {
			isa = PBXGroup;
			children = (
				716BEC7F1B42D415004E4619 /* 图片轮播 */,
				716BEC991B42D415004E4619 /* 图片轮播Tests */,
				716BEC7E1B42D415004E4619 /* Products */,
			);
			sourceTree = "<group>";
		};
		716BEC7E1B42D415004E4619 /* Products */ = {
			isa = PBXGroup;
			children = (
				716BEC7D1B42D415004E4619 /* 图片轮播.app */,
				716BEC961B42D415004E4619 /* 图片轮播Tests.xctest */,
			);
			name = Products;
			sourceTree = "<group>";
		};
		716BEC7F1B42D415004E4619 /* 图片轮播 */ = {
			isa = PBXGroup;
			children = (
				716BEC841B42D415004E4619 /* AppDelegate.h */,
				716BEC851B42D415004E4619 /* AppDelegate.m */,
				716BEC871B42D415004E4619 /* ViewController.h */,
				716BEC881B42D415004E4619 /* ViewController.m */,
				716BEC8A1B42D415004E4619 /* Main.storyboard */,
				716BEC8D1B42D415004E4619 /* Images.xcassets */,
				716BEC8F1B42D415004E4619 /* LaunchScreen.xib */,
				716BEC801B42D415004E4619 /* Supporting Files */,
			);
			path = "图片轮播";
			sourceTree = "<group>";
		};
		716BEC801B42D415004E4619 /* Supporting Files */ = {
			isa = PBXGroup;
			children = (
				716BEC811B42D415004E4619 /* Info.plist */,
				716BEC821B42D415004E4619 /* main.m */,
			);
			name = "Supporting Files";
			sourceTree = "<group>";
		};
		716BEC991B42D415004E4619 /* 图片轮播Tests */ = {
			isa = PBXGroup;
			children = (
				716BEC9C1B42D415004E4619 /* ____Tests.m */,
				716BEC9A1B42D415004E4619 /* Supporting Files */,
			);
			path = "图片轮播Tests";
			sourceTree = "<group>";
		};
		716BEC9A1B42D415004E4619 /* Supporting Files */ = {
			isa = PBXGroup;
			children = (
				716BEC9B1B42D415004E4619 /* Info.plist */,
			);
			name = "Supporting Files";
			sourceTree = "<group>";
		};
/* End PBXGroup section */

/* Begin PBXNativeTarget section */
		716BEC7C1B42D415004E4619 /* 图片轮播 */ = {
			isa = PBXNativeTarget;
			buildConfigurationList = 716BECA01B42D415004E4619 /* Build configuration list for PBXNativeTarget "图片轮播" */;
			buildPhases = (
				716BEC791B42D415004E4619 /* Sources */,
				716BEC7A1B42D415004E4619 /* Frameworks */,
				716BEC7B1B42D415004E4619 /* Resources */,
			);
			buildRules = (
			);
			dependencies = (
			);
			name = "图片轮播";
			productName = "图片轮播";
			productReference = 716BEC7D1B42D415004E4619 /* 图片轮播.app */;
			productType = "com.apple.product-type.application";
		};
		716BEC951B42D415004E4619 /* 图片轮播Tests */ = {
			isa = PBXNativeTarget;
			buildConfigurationList = 716BECA31B42D415004E4619 /* Build configuration list for PBXNativeTarget "图片轮播Tests" */;
			buildPhases = (
				716BEC921B42D415004E4619 /* Sources */,
				716BEC931B42D415004E4619 /* Frameworks */,
				716BEC941B42D415004E4619 /* Resources */,
			);
			buildRules = (
			);
			dependencies = (
				716BEC981B42D415004E4619 /* PBXTargetDependency */,
			);
			name = "图片轮播Tests";
			productName = "图片轮播Tests";
			productReference = 716BEC961B42D415004E4619 /* 图片轮播Tests.xctest */;
			productType = "com.apple.product-type.bundle.unit-test";
		};
/* End PBXNativeTarget section */

/* Begin PBXProject section */
		716BEC751B42D415004E4619 /* Project object */ = {
			isa = PBXProject;
			attributes = {
				LastUpgradeCheck = 0630;
				ORGANIZATIONNAME = Self;
				TargetAttributes = {
					716BEC7C1B42D415004E4619 = {
						CreatedOnToolsVersion = 6.3.2;
					};
					716BEC951B42D415004E4619 = {
						CreatedOnToolsVersion = 6.3.2;
						TestTargetID = 716BEC7C1B42D415004E4619;
					};
				};
			};
			buildConfigurationList = 716BEC781B42D415004E4619 /* Build configuration list for PBXProject "图片轮播" */;
			compatibilityVersion = "Xcode 3.2";
			developmentRegion = English;
			hasScannedForEncodings = 0;
			knownRegions = (
				en,
				Base,
			);
			mainGroup = 716BEC741B42D415004E4619;
			productRefGroup = 716BEC7E1B42D415004E4619 /* Products */;
			projectDirPath = "";
			projectRoot = "";
			targets = (
				716BEC7C1B42D415004E4619 /* 图片轮播 */,
				716BEC951B42D415004E4619 /* 图片轮播Tests */,
			);
		};
/* End PBXProject section */

/* Begin PBXResourcesBuildPhase section */
		716BEC7B1B42D415004E4619 /* Resources */ = {
			isa = PBXResourcesBuildPhase;
			buildActionMask = 2147483647;
			files = (
				716BEC8C1B42D415004E4619 /* Main.storyboard in Resources */,
				716BEC911B42D415004E4619 /* LaunchScreen.xib in Resources */,
				716BEC8E1B42D415004E4619 /* Images.xcassets in Resources */,
			);
			runOnlyForDeploymentPostprocessing = 0;
		};
		716BEC941B42D415004E4619 /* Resources */ = {
			isa = PBXResourcesBuildPhase;
			buildActionMask = 2147483647;
			files = (
			);
			runOnlyForDeploymentPostprocessing = 0;
		};
/* End PBXResourcesBuildPhase section */

/* Begin PBXSourcesBuildPhase section */
		716BEC791B42D415004E4619 /* Sources */ = {
			isa = PBXSourcesBuildPhase;
			buildActionMask = 2147483647;
			files = (
				716BEC891B42D415004E4619 /* ViewController.m in Sources */,
				716BEC861B42D415004E4619 /* AppDelegate.m in Sources */,
				716BEC831B42D415004E4619 /* main.m in Sources */,
			);
			runOnlyForDeploymentPostprocessing = 0;
		};
		716BEC921B42D415004E4619 /* Sources */ = {
			isa = PBXSourcesBuildPhase;
			buildActionMask = 2147483647;
			files = (
				716BEC9D1B42D415004E4619 /* ____Tests.m in Sources */,
			);
			runOnlyForDeploymentPostprocessing = 0;
		};
/* End PBXSourcesBuildPhase section */

/* Begin PBXTargetDependency section */
		716BEC981B42D415004E4619 /* PBXTargetDependency */ = {
			isa = PBXTargetDependency;
			target = 716BEC7C1B42D415004E4619 /* 图片轮播 */;
			targetProxy = 716BEC971B42D415004E4619 /* PBXContainerItemProxy */;
		};
/* End PBXTargetDependency section */

/* Begin PBXVariantGroup section */
		716BEC8A1B42D415004E4619 /* Main.storyboard */ = {
			isa = PBXVariantGroup;
			children = (
				716BEC8B1B42D415004E4619 /* Base */,
			);
			name = Main.storyboard;
			sourceTree = "<group>";
		};
		716BEC8F1B42D415004E4619 /* LaunchScreen.xib */ = {
			isa = PBXVariantGroup;
			children = (
				716BEC901B42D415004E4619 /* Base */,
			);
			name = LaunchScreen.xib;
			sourceTree = "<group>";
		};
/* End PBXVariantGroup section */

/* Begin XCBuildConfiguration section */
		716BEC9E1B42D415004E4619 /* Debug */ = {
			isa = XCBuildConfiguration;
			buildSettings = {
				ALWAYS_SEARCH_USER_PATHS = NO;
				CLANG_CXX_LANGUAGE_STANDARD = "gnu++0x";
				CLANG_CXX_LIBRARY = "libc++";
				CLANG_ENABLE_MODULES = YES;
				CLANG_ENABLE_OBJC_ARC = YES;
				CLANG_WARN_BOOL_CONVERSION = YES;
				CLANG_WARN_CONSTANT_CONVERSION = YES;
				CLANG_WARN_DIRECT_OBJC_ISA_USAGE = YES_ERROR;
				CLANG_WARN_EMPTY_BODY = YES;
				CLANG_WARN_ENUM_CONVERSION = YES;
				CLANG_WARN_INT_CONVERSION = YES;
				CLANG_WARN_OBJC_ROOT_CLASS = YES_ERROR;
				CLANG_WARN_UNREACHABLE_CODE = YES;
				CLANG_WARN__DUPLICATE_METHOD_MATCH = YES;
				"CODE_SIGN_IDENTITY[sdk=iphoneos*]" = "iPhone Developer";
				COPY_PHASE_STRIP = NO;
				DEBUG_INFORMATION_FORMAT = "dwarf-with-dsym";
				ENABLE_STRICT_OBJC_MSGSEND = YES;
				GCC_C_LANGUAGE_STANDARD = gnu99;
				GCC_DYNAMIC_NO_PIC = NO;
				GCC_NO_COMMON_BLOCKS = YES;
				GCC_OPTIMIZATION_LEVEL = 0;
				GCC_PREPROCESSOR_DEFINITIONS = (
					"DEBUG=1",
					"$(inherited)",
				);
				GCC_SYMBOLS_PRIVATE_EXTERN = NO;
				GCC_WARN_64_TO_32_BIT_CONVERSION = YES;
				GCC_WARN_ABOUT_RETURN_TYPE = YES_ERROR;
				GCC_WARN_UNDECLARED_SELECTOR = YES;
				GCC_WARN_UNINITIALIZED_AUTOS = YES_AGGRESSIVE;
				GCC_WARN_UNUSED_FUNCTION = YES;
				GCC_WARN_UNUSED_VARIABLE = YES;
				IPHONEOS_DEPLOYMENT_TARGET = 8.3;
				MTL_ENABLE_DEBUG_INFO = YES;
				ONLY_ACTIVE_ARCH = YES;
				SDKROOT = iphoneos;
			};
			name = Debug;
		};
		716BEC9F1B42D415004E4619 /* Release */ = {
			isa = XCBuildConfiguration;
			buildSettings = {
				ALWAYS_SEARCH_USER_PATHS = NO;
				CLANG_CXX_LANGUAGE_STANDARD = "gnu++0x";
				CLANG_CXX_LIBRARY = "libc++";
				CLANG_ENABLE_MODULES = YES;
				CLANG_ENABLE_OBJC_ARC = YES;
				CLANG_WARN_BOOL_CONVERSION = YES;
				CLANG_WARN_CONSTANT_CONVERSION = YES;
				CLANG_WARN_DIRECT_OBJC_ISA_USAGE = YES_ERROR;
				CLANG_WARN_EMPTY_BODY = YES;
				CLANG_WARN_ENUM_CONVERSION = YES;
				CLANG_WARN_INT_CONVERSION = YES;
				CLANG_WARN_OBJC_ROOT_CLASS = YES_ERROR;
				CLANG_WARN_UNREACHABLE_CODE = YES;
				CLANG_WARN__DUPLICATE_METHOD_MATCH = YES;
				"CODE_SIGN_IDENTITY[sdk=iphoneos*]" = "iPhone Developer";
				COPY_PHASE_STRIP = NO;
				DEBUG_INFORMATION_FORMAT = "dwarf-with-dsym";
				ENABLE_NS_ASSERTIONS = NO;
				ENABLE_STRICT_OBJC_MSGSEND = YES;
				GCC_C_LANGUAGE_STANDARD = gnu99;
				GCC_NO_COMMON_BLOCKS = YES;
				GCC_WARN_64_TO_32_BIT_CONVERSION = YES;
				GCC_WARN_ABOUT_RETURN_TYPE = YES_ERROR;
				GCC_WARN_UNDECLARED_SELECTOR = YES;
				GCC_WARN_UNINITIALIZED_AUTOS = YES_AGGRESSIVE;
				GCC_WARN_UNUSED_FUNCTION = YES;
				GCC_WARN_UNUSED_VARIABLE = YES;
				IPHONEOS_DEPLOYMENT_TARGET = 8.3;
				MTL_ENABLE_DEBUG_INFO = NO;
				SDKROOT = iphoneos;
				VALIDATE_PRODUCT = YES;
			};
			name = Release;
		};
		716BECA11B42D415004E4619 /* Debug */ = {
			isa = XCBuildConfiguration;
			buildSettings = {
				ASSETCATALOG_COMPILER_APPICON_NAME = AppIcon;
				INFOPLIST_FILE = "图片轮播/Info.plist";
				LD_RUNPATH_SEARCH_PATHS = "$(inherited) @executable_path/Frameworks";
				PRODUCT_NAME = "$(TARGET_NAME)";
			};
			name = Debug;
		};
		716BECA21B42D415004E4619 /* Release */ = {
			isa = XCBuildConfiguration;
			buildSettings = {
				ASSETCATALOG_COMPILER_APPICON_NAME = AppIcon;
				INFOPLIST_FILE = "图片轮播/Info.plist";
				LD_RUNPATH_SEARCH_PATHS = "$(inherited) @executable_path/Frameworks";
				PRODUCT_NAME = "$(TARGET_NAME)";
			};
			name = Release;
		};
		716BECA41B42D415004E4619 /* Debug */ = {
			isa = XCBuildConfiguration;
			buildSettings = {
				BUNDLE_LOADER = "$(TEST_HOST)";
				FRAMEWORK_SEARCH_PATHS = (
					"$(SDKROOT)/Developer/Library/Frameworks",
					"$(inherited)",
				);
				GCC_PREPROCESSOR_DEFINITIONS = (
					"DEBUG=1",
					"$(inherited)",
				);
				INFOPLIST_FILE = "图片轮播Tests/Info.plist";
				LD_RUNPATH_SEARCH_PATHS = "$(inherited) @executable_path/Frameworks @loader_path/Frameworks";
				PRODUCT_NAME = "$(TARGET_NAME)";
				TEST_HOST = "$(BUILT_PRODUCTS_DIR)/图片轮播.app/图片轮播";
			};
			name = Debug;
		};
		716BECA51B42D415004E4619 /* Release */ = {
			isa = XCBuildConfiguration;
			buildSettings = {
				BUNDLE_LOADER = "$(TEST_HOST)";
				FRAMEWORK_SEARCH_PATHS = (
					"$(SDKROOT)/Developer/Library/Frameworks",
					"$(inherited)",
				);
				INFOPLIST_FILE = "图片轮播Tests/Info.plist";
				LD_RUNPATH_SEARCH_PATHS = "$(inherited) @executable_path/Frameworks @loader_path/Frameworks";
				PRODUCT_NAME = "$(TARGET_NAME)";
				TEST_HOST = "$(BUILT_PRODUCTS_DIR)/图片轮播.app/图片轮播";
			};
			name = Release;
		};
/* End XCBuildConfiguration section */

/* Begin XCConfigurationList section */
		716BEC781B42D415004E4619 /* Build configuration list for PBXProject "图片轮播" */ = {
			isa = XCConfigurationList;
			buildConfigurations = (
				716BEC9E1B42D415004E4619 /* Debug */,
				716BEC9F1B42D415004E4619 /* Release */,
			);
			defaultConfigurationIsVisible = 0;
			defaultConfigurationName = Release;
		};
		716BECA01B42D415004E4619 /* Build configuration list for PBXNativeTarget "图片轮播" */ = {
			isa = XCConfigurationList;
			buildConfigurations = (
				716BECA11B42D415004E4619 /* Debug */,
				716BECA21B42D415004E4619 /* Release */,
			);
			defaultConfigurationIsVisible = 0;
		};
		716BECA31B42D415004E4619 /* Build configuration list for PBXNativeTarget "图片轮播Tests" */ = {
			isa = XCConfigurationList;
			buildConfigurations = (
				716BECA41B42D415004E4619 /* Debug */,
				716BECA51B42D415004E4619 /* Release */,
			);
			defaultConfigurationIsVisible = 0;
		};
/* End XCConfigurationList section */
	};
	rootObject = 716BEC751B42D415004E4619 /* Project object */;
}
